{
    "_readme": [
        "This file locks the dependencies of your project to a known state",
        "Read more about it at https://getcomposer.org/doc/01-basic-usage.md#installing-dependencies",
        "This file is @generated automatically"
    ],
    "content-hash": "04f18b1db24db09f38d4997702ad0110",
    "packages": [
        {
            "name": "components/flag-icon-css",
            "version": "3.5.0",
            "source": {
                "type": "git",
                "url": "https://github.com/lipis/flag-icon-css.git",
                "reference": "5141384c57972b0b08fc3bb67bea297321fbd799"
            },
            "dist": {
                "type": "zip",
                "url": "https://api.github.com/repos/lipis/flag-icon-css/zipball/5141384c57972b0b08fc3bb67bea297321fbd799",
                "reference": "5141384c57972b0b08fc3bb67bea297321fbd799",
                "shasum": ""
            },
            "type": "component",
            "extra": {
                "component": {
                    "name": "flag-icon-css",
                    "files": [
                        "less/**",
                        "css/**",
                        "flags/**"
                    ]
                }
            },
            "notification-url": "https://packagist.org/downloads/",
            "license": [
                "MIT"
            ],
            "authors": [
                {
                    "name": "Panayiotis Lipiridis (Lipis)",
                    "email": "lipiridis@gmail.com"
                }
            ],
            "description": "CSS for vector based country flags",
            "support": {
                "issues": "https://github.com/lipis/flag-icon-css/issues",
                "source": "https://github.com/lipis/flag-icon-css/tree/3.5.0"
            },
            "time": "2020-06-10T11:53:19+00:00"
        }
    ],
    "packages-dev": [],
    "aliases": [],
    "minimum-stability": "stable",
    "stability-flags": [],
    "prefer-stable": false,
    "prefer-lowest": false,
    "platform": {
        "php": "^7.3.0 | ^8.0"
    },
    "platform-dev": [],
    "plugin-api-version": "2.1.0"
}
